
Microsoft Visual Studio Solution File, Format Version 12.00
# Visual Studio 15
VisualStudioVersion = 15.0.28010.2048
MinimumVisualStudioVersion = 10.0.40219.1
Project("{FAE04EC0-301F-11D3-BF4B-00C04F79EFBC}") = "WebApiPaises", "WebApiPaises\WebApiPaises.csproj", "{BF6E973C-99D9-4B31-9263-DE287FB3AA8F}"
EndProject
Global
	GlobalSection(SolutionConfigurationPlatforms) = preSolution
		Debug|Any CPU = Debug|Any CPU
		Release|Any CPU = Release|Any CPU
	EndGlobalSection
	GlobalSection(ProjectConfigurationPlatforms) = postSolution
		{BF6E973C-99D9-4B31-9263-DE287FB3AA8F}.Debug|Any CPU.ActiveCfg = Debug|Any CPU
		{BF6E973C-99D9-4B31-9263-DE287FB3AA8F}.Debug|Any CPU.Build.0 = Debug|Any CPU
		{BF6E973C-99D9-4B31-9263-DE287FB3AA8F}.Release|Any CPU.ActiveCfg = Release|Any CPU
		{BF6E973C-99D9-4B31-9263-DE287FB3AA8F}.Release|Any CPU.Build.0 = Release|Any CPU
	EndGlobalSection
	GlobalSection(SolutionProperties) = preSolution
		HideSolutionNode = FALSE
	EndGlobalSection
	GlobalSection(ExtensibilityGlobals) = postSolution
		SolutionGuid = {AC02409E-0517-4633-A53E-0E43C02C4950}
	EndGlobalSection
EndGlobal
